<?xml version="1.0" encoding="utf-8"?>
<Project ToolsVersion="4.0" xmlns="http://schemas.microsoft.com/developer/msbuild/2003">
  <ItemGroup>
    <Filter Include="Source Files">
      <UniqueIdentifier>{4FC737F1-C7A5-4376-A066-2A32D752A2FF}</UniqueIdentifier>
      <Extensions>cpp;c;cc;cxx;def;odl;idl;hpj;bat;asm;asmx</Extensions>
    </Filter>
    <Filter Include="Header Files">
      <UniqueIdentifier>{93995380-89BD-4b04-88EB-625FBE52EBFB}</UniqueIdentifier>
      <Extensions>h;hh;hpp;hxx;hm;inl;inc;xsd</Extensions>
    </Filter>
    <Filter Include="Resource Files">
      <UniqueIdentifier>{67DA6AB6-F800-4c08-8B7A-83BB121AAD01}</UniqueIdentifier>
      <Extensions>rc;ico;cur;bmp;dlg;rc2;rct;bin;rgs;gif;jpg;jpeg;jpe;resx;tiff;tif;png;wav;mfcribbon-ms</Extensions>
    </Filter>
    <Filter Include="Header Files\animal">
      <UniqueIdentifier>{863e6bb1-37cf-483c-8429-35b98a940044}</UniqueIdentifier>
    </Filter>
    <Filter Include="Header Files\plant">
      <UniqueIdentifier>{d6c86e74-88b5-4438-a322-3bbbf6292ef9}</UniqueIdentifier>
    </Filter>
    <Filter Include="Source Files\plant">
      <UniqueIdentifier>{41b75c72-bb58-41ef-9321-fa53a19d3e5b}</UniqueIdentifier>
    </Filter>
  </ItemGroup>
  <ItemGroup>
    <ClCompile Include="Main.cpp">
      <Filter>Source Files</Filter>
    </ClCompile>
    <ClCompile Include="Animal.cpp">
      <Filter>Source Files</Filter>
    </ClCompile>
    <ClCompile Include="Organisms.cpp">
      <Filter>Source Files</Filter>
    </ClCompile>
    <ClCompile Include="World.cpp">
      <Filter>Source Files</Filter>
    </ClCompile>
    <ClCompile Include="Plant.cpp">
      <Filter>Source Files</Filter>
    </ClCompile>
    <ClCompile Include="Sow-Thistle.cpp">
      <Filter>Source Files\plant</Filter>
    </ClCompile>
    <ClCompile Include="Human.cpp">
      <Filter>Source Files</Filter>
    </ClCompile>
  </ItemGroup>
  <ItemGroup>
    <ClInclude Include="World.h">
      <Filter>Header Files</Filter>
    </ClInclude>
    <ClInclude Include="Organisms.h">
      <Filter>Header Files</Filter>
    </ClInclude>
    <ClInclude Include="Animal.h">
      <Filter>Header Files</Filter>
    </ClInclude>
    <ClInclude Include="Plant.h">
      <Filter>Header Files</Filter>
    </ClInclude>
    <ClInclude Include="Sheep.h">
      <Filter>Header Files\animal</Filter>
    </ClInclude>
    <ClInclude Include="Wolf.h">
      <Filter>Header Files\animal</Filter>
    </ClInclude>
    <ClInclude Include="Grass.h">
      <Filter>Header Files\plant</Filter>
    </ClInclude>
    <ClInclude Include="Sow-Thistle.h">
      <Filter>Header Files\plant</Filter>
    </ClInclude>
    <ClInclude Include="Guarana.h">
      <Filter>Header Files\plant</Filter>
    </ClInclude>
    <ClInclude Include="WolfBerry.h">
      <Filter>Header Files\plant</Filter>
    </ClInclude>
    <ClInclude Include="BarszczSosnowskiego.h">
      <Filter>Header Files\plant</Filter>
    </ClInclude>
    <ClInclude Include="Fox.h">
      <Filter>Header Files\animal</Filter>
    </ClInclude>
    <ClInclude Include="Turtle.h">
      <Filter>Header Files\animal</Filter>
    </ClInclude>
    <ClInclude Include="Antilope.h">
      <Filter>Header Files\animal</Filter>
    </ClInclude>
    <ClInclude Include="Human.h">
      <Filter>Header Files\animal</Filter>
    </ClInclude>
  </ItemGroup>
</Project>